
Microsoft Visual Studio Solution File, Format Version 12.00
# Visual Studio 2012
Project("{FAE04EC0-301F-11D3-BF4B-00C04F79EFBC}") = "StringReplicator", "StringReplicator\StringReplicator.csproj", "{655F212E-7287-4435-B545-40D8E0D50B08}"
EndProject
Project("{FAE04EC0-301F-11D3-BF4B-00C04F79EFBC}") = "StringReplicator.Core", "StringReplicator.Core\StringReplicator.Core.csproj", "{55DA0F85-5E2B-4568-B05F-204FEA6B0778}"
EndProject
Project("{FAE04EC0-301F-11D3-BF4B-00C04F79EFBC}") = "StringReplicator.Tests", "StringReplicator.Tests\StringReplicator.Tests.csproj", "{78D6554B-410D-44D7-AC41-0D28C4D46314}"
EndProject
Global
	GlobalSection(SolutionConfigurationPlatforms) = preSolution
		Debug|Any CPU = Debug|Any CPU
		Release|Any CPU = Release|Any CPU
	EndGlobalSection
	GlobalSection(ProjectConfigurationPlatforms) = postSolution
		{655F212E-7287-4435-B545-40D8E0D50B08}.Debug|Any CPU.ActiveCfg = Debug|Any CPU
		{655F212E-7287-4435-B545-40D8E0D50B08}.Debug|Any CPU.Build.0 = Debug|Any CPU
		{655F212E-7287-4435-B545-40D8E0D50B08}.Release|Any CPU.ActiveCfg = Release|Any CPU
		{655F212E-7287-4435-B545-40D8E0D50B08}.Release|Any CPU.Build.0 = Release|Any CPU
		{55DA0F85-5E2B-4568-B05F-204FEA6B0778}.Debug|Any CPU.ActiveCfg = Debug|Any CPU
		{55DA0F85-5E2B-4568-B05F-204FEA6B0778}.Debug|Any CPU.Build.0 = Debug|Any CPU
		{55DA0F85-5E2B-4568-B05F-204FEA6B0778}.Release|Any CPU.ActiveCfg = Release|Any CPU
		{55DA0F85-5E2B-4568-B05F-204FEA6B0778}.Release|Any CPU.Build.0 = Release|Any CPU
		{78D6554B-410D-44D7-AC41-0D28C4D46314}.Debug|Any CPU.ActiveCfg = Debug|Any CPU
		{78D6554B-410D-44D7-AC41-0D28C4D46314}.Debug|Any CPU.Build.0 = Debug|Any CPU
		{78D6554B-410D-44D7-AC41-0D28C4D46314}.Release|Any CPU.ActiveCfg = Release|Any CPU
		{78D6554B-410D-44D7-AC41-0D28C4D46314}.Release|Any CPU.Build.0 = Release|Any CPU
	EndGlobalSection
	GlobalSection(SolutionProperties) = preSolution
		HideSolutionNode = FALSE
	EndGlobalSection
EndGlobal
